# THIS IS AN AUTOGENERATED FILE. DO NOT EDIT THIS FILE DIRECTLY.
# yarn lockfile v1


"@grapecity/spread-excelio@16.1.1":
  version "16.1.1"
  resolved "https://registry.npmmirror.com/@grapecity/spread-excelio/-/spread-excelio-16.1.1.tgz#805d26ab64c91b87c97557149cb57ab31b2a2b28"
  integrity sha512-MLpbCtsy5FNHwrapDs+p8Md9n8LnHA3y9Am1frDav9oh3W9uaZJXyRTkAwNk/9fa/haZGYO/IDfM8bbt7Kb+IQ==
  dependencies:
    "@grapecity/spread-sheets" "16.1.1"

"@grapecity/spread-sheets-barcode@16.1.1":
  version "16.1.1"
  resolved "https://registry.npmmirror.com/@grapecity/spread-sheets-barcode/-/spread-sheets-barcode-16.1.1.tgz#ea869f2b25a7b3c16c9ce71d8dd9af09313955c7"
  integrity sha512-m/jJKoUWuR8jhQvsQjiSzDVIna2uJ4s4UmeVjzsMvP0eG5T7eGIYpj+4BptN6t5p4IQoLQ0VfYdq8uE7Epp1tA==
  dependencies:
    "@grapecity/spread-sheets" "16.1.1"

"@grapecity/spread-sheets-charts@16.1.1":
  version "16.1.1"
  resolved "https://registry.npmmirror.com/@grapecity/spread-sheets-charts/-/spread-sheets-charts-16.1.1.tgz#0fc7a655100383579e0b6ab3350ce97a0f52fd48"
  integrity sha512-BVcSNNy2hmb6HTMwHHPp2q4OyH/gW7pw94V/IADXGV/DG8IsU+hA/ISSvK35Sb5jSMVJFUAdfXFETco5dnGIQA==
  dependencies:
    "@grapecity/spread-sheets" "16.1.1"

"@grapecity/spread-sheets-designer-resources-cn@16.1.1":
  version "16.1.1"
  resolved "https://registry.npmmirror.com/@grapecity/spread-sheets-designer-resources-cn/-/spread-sheets-designer-resources-cn-16.1.1.tgz#c9fc29cf30821a6eb027f3f2cd9da1891a0e6197"
  integrity sha512-owz7BsTrC+vA2PfaewwU6h1ksG4XHc5SSEUcmiMST1SFgVvobSjzFiEe6q/NIGBBAb9C7TWEcGP/V1iLoLIMmw==

"@grapecity/spread-sheets-designer@16.1.1":
  version "16.1.1"
  resolved "https://registry.npmmirror.com/@grapecity/spread-sheets-designer/-/spread-sheets-designer-16.1.1.tgz#2c83a086cb763d2a2b8f4152fe1bea9d9cd26ab2"
  integrity sha512-XjO8lKq6I22aShkP2n9SN6sU+7DcUtH0ljEzR71pRkxpEg6O0jG2ODQLtdyNWPwiYTY127wmPEd8vVSunPv7Ug==

"@grapecity/spread-sheets-io@16.1.1":
  version "16.1.1"
  resolved "https://registry.npmmirror.com/@grapecity/spread-sheets-io/-/spread-sheets-io-16.1.1.tgz#77f3013f658cf7608e0fbd20bdb4738e2fbbfbff"
  integrity sha512-LeWD7RhCJuKzebnSaZb3C3gyDI19iflDlIxOtgzxEhg57djD//LwdeBLF0cCZ7E/qTGuRDgYuapVicQZtyUdhA==
  dependencies:
    "@grapecity/spread-sheets" "16.1.1"

"@grapecity/spread-sheets-languagepackages@16.1.1":
  version "16.1.1"
  resolved "https://registry.npmmirror.com/@grapecity/spread-sheets-languagepackages/-/spread-sheets-languagepackages-16.1.1.tgz#87ee73f3c0a07e59b17c8cfadc56428c4ce87f1b"
  integrity sha512-opIXKqgOD/+5oE2nlRCVlfXFZqaJYMng0ppe9Xi4MGZ7v6Rl0X+Yte5WqB6RhTI7bAI7zBdbiWBmNwWEyDU0Hw==
  dependencies:
    "@grapecity/spread-sheets" "16.1.1"

"@grapecity/spread-sheets-pdf@16.1.1":
  version "16.1.1"
  resolved "https://registry.npmmirror.com/@grapecity/spread-sheets-pdf/-/spread-sheets-pdf-16.1.1.tgz#ca0f344a77335b3dece4e43b4675fe8f168a2905"
  integrity sha512-TgEtdstSeb8A//nB62qS2QfiJ9yNYuPnpHci/zoT96ag+dV3ZvxyoZjysyNcBbEV71wK1YZbMdwwSI429Cgkuw==
  dependencies:
    "@grapecity/spread-sheets" "16.1.1"
    "@grapecity/spread-sheets-print" "16.1.1"

"@grapecity/spread-sheets-pivot-addon@16.1.1":
  version "16.1.1"
  resolved "https://registry.npmmirror.com/@grapecity/spread-sheets-pivot-addon/-/spread-sheets-pivot-addon-16.1.1.tgz#e06feba1dcda67efebfdd3bc4b6f83a49c4b3d62"
  integrity sha512-pqT+dC82FmB6aSNpM2xV2HmfYW1QLIwqfXZWZc7AySJWvPqGEd+gkqj+hy1KSjkbDyFo3h4Tf54DXQuUgNyeHQ==
  dependencies:
    "@grapecity/spread-sheets" "16.1.1"
    "@grapecity/spread-sheets-shapes" "16.1.1"

"@grapecity/spread-sheets-print@16.1.1":
  version "16.1.1"
  resolved "https://registry.npmmirror.com/@grapecity/spread-sheets-print/-/spread-sheets-print-16.1.1.tgz#2cb9eddcc751ebf0fdfb2196365b497243a6311d"
  integrity sha512-wGhgdWNUyu+4e3gmlD3DDgLTCzrBfWrWHUmmND1uTzMk4TZflAWMZF9MnlzwJlWRxKxINeV0XB/wnyIlOIXEQw==
  dependencies:
    "@grapecity/spread-sheets" "16.1.1"

"@grapecity/spread-sheets-resources-zh@16.1.1":
  version "16.1.1"
  resolved "https://registry.npmmirror.com/@grapecity/spread-sheets-resources-zh/-/spread-sheets-resources-zh-16.1.1.tgz#4e8794d6df433837c25155d1353e598340c2f175"
  integrity sha512-g/spo3iz3PG+aKv48P2HcIDA+hKVbeaoOlRjaxXaGir69S3fbDWpkelVSJMrpljN1XfeF9jwEQ0KWaGommF2Hg==
  dependencies:
    "@grapecity/spread-sheets" "16.1.1"

"@grapecity/spread-sheets-shapes@16.1.1":
  version "16.1.1"
  resolved "https://registry.npmmirror.com/@grapecity/spread-sheets-shapes/-/spread-sheets-shapes-16.1.1.tgz#10f85738b38546ac52dbc584fccde354793ed4b4"
  integrity sha512-YKYYlkS3sTwl2cy1G/I8DplP69TxRacUgl4bcH11jNh4IKjoS8cnYu2LSPVET76nxkgeYqp/9SbrJvn7uiwbtQ==
  dependencies:
    "@grapecity/spread-sheets" "16.1.1"

"@grapecity/spread-sheets-tablesheet@16.1.1":
  version "16.1.1"
  resolved "https://registry.npmmirror.com/@grapecity/spread-sheets-tablesheet/-/spread-sheets-tablesheet-16.1.1.tgz#aa844c85ec3fce94111c8b82a5a02c24bc2181c1"
  integrity sha512-NFgf5Ts8HFCihz6JR9w6U04w06QkOKHieMl4nuaXD9Ss9Var9Znk6mVOvUiQhOiboDQnp6cnwCz+J9cIorDm7Q==
  dependencies:
    "@grapecity/spread-sheets" "16.1.1"

"@grapecity/spread-sheets@16.1.1":
  version "16.1.1"
  resolved "https://registry.npmmirror.com/@grapecity/spread-sheets/-/spread-sheets-16.1.1.tgz#4f39db69393bb5d27eb6a6ac51d1b94bf88de819"
  integrity sha512-63hYco8fUUjTfQHbSM8fJUiDVJFzGfjx7YbKe9BTf72nvTXz3XWyPXxJKGurPpnDAOyU3ukQ88SRnMT1E+z63Q==

es6-module-loader@^0.17.10:
  version "0.17.11"
  resolved "https://registry.npmmirror.com/es6-module-loader/-/es6-module-loader-0.17.11.tgz#094f042e3b4d3086bcfd17380affabdfc99f35d7"
  integrity sha512-6u2nrCQQ0fg7llO02vHAg8MZSxE+Y+fjy+9906ICIR5qaZLUlx7CePFvEJf1Fz7CnUUkKDt7woYtYTYpy9jVQQ==
  dependencies:
    when "^3.7.2"

plugin-typescript@^8.0.0:
  version "8.0.0"
  resolved "https://registry.npmmirror.com/plugin-typescript/-/plugin-typescript-8.0.0.tgz#b47a9e6a93e17e835b5c1a38cf7d81d42a84e1ee"
  integrity sha512-9P25tRwjKgk1J1U1VMVJxHhL4OxouurN9otoQ2DJHDoZ8urxKS7G+e9rpiag3pbYpT7EcWqELEYAk/ssOOfQeg==

systemjs@0.19.22:
  version "0.19.22"
  resolved "https://registry.npmmirror.com/systemjs/-/systemjs-0.19.22.tgz#30818d47662e4f443494035b24960c666977d152"
  integrity sha512-z2yXQS2NMUWjvgBg37dGLe3xaKPIl5Lg99FDd8oidHhQvcFWsYgCBHF7Zq469xFqpYT+3XRwoDDWep9ge7CCmw==
  dependencies:
    es6-module-loader "^0.17.10"
    when "^3.7.5"

typescript@^4.1.2:
  version "4.9.5"
  resolved "https://registry.npmmirror.com/typescript/-/typescript-4.9.5.tgz#095979f9bcc0d09da324d58d03ce8f8374cbe65a"
  integrity sha512-1FXk9E2Hm+QzZQ7z+McJiHL4NW1F2EzMu9Nq9i3zAaGqibafqYwCVU6WyWAuyQRRzOlxou8xZSyXLEN8oKj24g==

when@^3.7.2, when@^3.7.5:
  version "3.7.8"
  resolved "https://registry.npmmirror.com/when/-/when-3.7.8.tgz#c7130b6a7ea04693e842cdc9e7a1f2aa39a39f82"
  integrity sha512-5cZ7mecD3eYcMiCH4wtRPA5iFJZ50BJYDfckI5RRpQiktMiYTcn0ccLTZOvcbBume+1304fQztxeNzNS9Gvrnw==
